// !$*UTF8*$!
{
	archiveVersion = 1;
	classes = {
	};
	objectVersion = 46;
	objects = {

/* Begin PBXBuildFile section */
		0514E0C01784BA2B003B38FF /* UIKit.framework in Frameworks */ = {isa = PBXBuildFile; fileRef = 0514E0BF1784BA2B003B38FF /* UIKit.framework */; };
		0514E0C21784BA2B003B38FF /* Foundation.framework in Frameworks */ = {isa = PBXBuildFile; fileRef = 0514E0C11784BA2B003B38FF /* Foundation.framework */; };
		0514E0C41784BA2B003B38FF /* CoreGraphics.framework in Frameworks */ = {isa = PBXBuildFile; fileRef = 0514E0C31784BA2B003B38FF /* CoreGraphics.framework */; };
		0514E0CA1784BA2B003B38FF /* InfoPlist.strings in Resources */ = {isa = PBXBuildFile; fileRef = 0514E0C81784BA2B003B38FF /* InfoPlist.strings */; };
		0514E0CC1784BA2B003B38FF /* main.m in Sources */ = {isa = PBXBuildFile; fileRef = 0514E0CB1784BA2B003B38FF /* main.m */; };
		0514E0D01784BA2B003B38FF /* _AppDelegate.m in Sources */ = {isa = PBXBuildFile; fileRef = 0514E0CF1784BA2B003B38FF /* _AppDelegate.m */; };
		0514E0D21784BA2B003B38FF /* Default.png in Resources */ = {isa = PBXBuildFile; fileRef = 0514E0D11784BA2B003B38FF /* Default.png */; };
		0514E0D41784BA2B003B38FF /* Default@2x.png in Resources */ = {isa = PBXBuildFile; fileRef = 0514E0D31784BA2B003B38FF /* Default@2x.png */; };
		0514E0D61784BA2B003B38FF /* Default-568h@2x.png in Resources */ = {isa = PBXBuildFile; fileRef = 0514E0D51784BA2B003B38FF /* Default-568h@2x.png */; };
		0514E0D91784BA2B003B38FF /* MainStoryboard.storyboard in Resources */ = {isa = PBXBuildFile; fileRef = 0514E0D71784BA2B003B38FF /* MainStoryboard.storyboard */; };
		0514E0DC1784BA2B003B38FF /* _ViewController.m in Sources */ = {isa = PBXBuildFile; fileRef = 0514E0DB1784BA2B003B38FF /* _ViewController.m */; };
		0514E0F21784BA49003B38FF /* acessorios_aereos_icone.png in Resources */ = {isa = PBXBuildFile; fileRef = 0514E0E51784BA49003B38FF /* acessorios_aereos_icone.png */; };
		0514E0F31784BA49003B38FF /* alcas_para_portas_icone.png in Resources */ = {isa = PBXBuildFile; fileRef = 0514E0E61784BA49003B38FF /* alcas_para_portas_icone.png */; };
		0514E0F41784BA49003B38FF /* colecoes_banho_icone.png in Resources */ = {isa = PBXBuildFile; fileRef = 0514E0E71784BA49003B38FF /* colecoes_banho_icone.png */; };
		0514E0F51784BA49003B38FF /* institucional_icone.png in Resources */ = {isa = PBXBuildFile; fileRef = 0514E0E81784BA49003B38FF /* institucional_icone.png */; };
		0514E0F61784BA49003B38FF /* puxadores_para_moveis.png in Resources */ = {isa = PBXBuildFile; fileRef = 0514E0E91784BA49003B38FF /* puxadores_para_moveis.png */; };
		0514E0F81784BA49003B38FF /* acessorios_aereos_texto.png in Resources */ = {isa = PBXBuildFile; fileRef = 0514E0EC1784BA49003B38FF /* acessorios_aereos_texto.png */; };
		0514E0F91784BA49003B38FF /* alcas_para_portas_texto.png in Resources */ = {isa = PBXBuildFile; fileRef = 0514E0ED1784BA49003B38FF /* alcas_para_portas_texto.png */; };
		0514E0FA1784BA49003B38FF /* colecoes_banho_texto.png in Resources */ = {isa = PBXBuildFile; fileRef = 0514E0EE1784BA49003B38FF /* colecoes_banho_texto.png */; };
		0514E0FB1784BA49003B38FF /* institucional_texto.png in Resources */ = {isa = PBXBuildFile; fileRef = 0514E0EF1784BA49003B38FF /* institucional_texto.png */; };
		0514E0FC1784BA49003B38FF /* puxadores_para_moveis_texto.png in Resources */ = {isa = PBXBuildFile; fileRef = 0514E0F01784BA49003B38FF /* puxadores_para_moveis_texto.png */; };
		0514E1051784BB1B003B38FF /* icone.png in Resources */ = {isa = PBXBuildFile; fileRef = 0514E1041784BB1B003B38FF /* icone.png */; };
		0514E1091784BB62003B38FF /* icone_2x.png in Resources */ = {isa = PBXBuildFile; fileRef = 0514E1081784BB62003B38FF /* icone_2x.png */; };
		0514E1111784BC10003B38FF /* fundo.png in Resources */ = {isa = PBXBuildFile; fileRef = 0514E10A1784BC10003B38FF /* fundo.png */; };
		0514E1121784BC10003B38FF /* icone_2x.png in Resources */ = {isa = PBXBuildFile; fileRef = 0514E10B1784BC10003B38FF /* icone_2x.png */; };
		0514E1131784BC10003B38FF /* icone.png in Resources */ = {isa = PBXBuildFile; fileRef = 0514E10C1784BC10003B38FF /* icone.png */; };
		0514E1141784BC10003B38FF /* logo.png in Resources */ = {isa = PBXBuildFile; fileRef = 0514E10D1784BC10003B38FF /* logo.png */; };
		0514E1161784BC10003B38FF /* texto_institucional.png in Resources */ = {isa = PBXBuildFile; fileRef = 0514E10F1784BC10003B38FF /* texto_institucional.png */; };
		0514E1171784BC10003B38FF /* voltar_botao.png in Resources */ = {isa = PBXBuildFile; fileRef = 0514E1101784BC10003B38FF /* voltar_botao.png */; };
		0514E1191784BC36003B38FF /* splash.png in Resources */ = {isa = PBXBuildFile; fileRef = 0514E1181784BC36003B38FF /* splash.png */; };
		0514E11B1784BC42003B38FF /* Default-Landscape~ipad.png in Resources */ = {isa = PBXBuildFile; fileRef = 0514E11A1784BC42003B38FF /* Default-Landscape~ipad.png */; };
		0514E11D1784BC46003B38FF /* Default-Landscape@2x~ipad.png in Resources */ = {isa = PBXBuildFile; fileRef = 0514E11C1784BC46003B38FF /* Default-Landscape@2x~ipad.png */; };
/* End PBXBuildFile section */

/* Begin PBXFileReference section */
		0514E0BC1784BA2B003B38FF /* ZenApp.app */ = {isa = PBXFileReference; explicitFileType = wrapper.application; includeInIndex = 0; path = ZenApp.app; sourceTree = BUILT_PRODUCTS_DIR; };
		0514E0BF1784BA2B003B38FF /* UIKit.framework */ = {isa = PBXFileReference; lastKnownFileType = wrapper.framework; name = UIKit.framework; path = System/Library/Frameworks/UIKit.framework; sourceTree = SDKROOT; };
		0514E0C11784BA2B003B38FF /* Foundation.framework */ = {isa = PBXFileReference; lastKnownFileType = wrapper.framework; name = Foundation.framework; path = System/Library/Frameworks/Foundation.framework; sourceTree = SDKROOT; };
		0514E0C31784BA2B003B38FF /* CoreGraphics.framework */ = {isa = PBXFileReference; lastKnownFileType = wrapper.framework; name = CoreGraphics.framework; path = System/Library/Frameworks/CoreGraphics.framework; sourceTree = SDKROOT; };
		0514E0C71784BA2B003B38FF /* ZenApp-Info.plist */ = {isa = PBXFileReference; lastKnownFileType = text.plist.xml; path = "ZenApp-Info.plist"; sourceTree = "<group>"; };
		0514E0C91784BA2B003B38FF /* en */ = {isa = PBXFileReference; lastKnownFileType = text.plist.strings; name = en; path = en.lproj/InfoPlist.strings; sourceTree = "<group>"; };
		0514E0CB1784BA2B003B38FF /* main.m */ = {isa = PBXFileReference; lastKnownFileType = sourcecode.c.objc; path = main.m; sourceTree = "<group>"; };
		0514E0CD1784BA2B003B38FF /* ZenApp-Prefix.pch */ = {isa = PBXFileReference; lastKnownFileType = sourcecode.c.h; path = "ZenApp-Prefix.pch"; sourceTree = "<group>"; };
		0514E0CE1784BA2B003B38FF /* _AppDelegate.h */ = {isa = PBXFileReference; lastKnownFileType = sourcecode.c.h; path = _AppDelegate.h; sourceTree = "<group>"; };
		0514E0CF1784BA2B003B38FF /* _AppDelegate.m */ = {isa = PBXFileReference; lastKnownFileType = sourcecode.c.objc; path = _AppDelegate.m; sourceTree = "<group>"; };
		0514E0D11784BA2B003B38FF /* Default.png */ = {isa = PBXFileReference; lastKnownFileType = image.png; path = Default.png; sourceTree = "<group>"; };
		0514E0D31784BA2B003B38FF /* Default@2x.png */ = {isa = PBXFileReference; lastKnownFileType = image.png; path = "Default@2x.png"; sourceTree = "<group>"; };
		0514E0D51784BA2B003B38FF /* Default-568h@2x.png */ = {isa = PBXFileReference; lastKnownFileType = image.png; path = "Default-568h@2x.png"; sourceTree = "<group>"; };
		0514E0D81784BA2B003B38FF /* en */ = {isa = PBXFileReference; lastKnownFileType = file.storyboard; name = en; path = en.lproj/MainStoryboard.storyboard; sourceTree = "<group>"; };
		0514E0DA1784BA2B003B38FF /* _ViewController.h */ = {isa = PBXFileReference; lastKnownFileType = sourcecode.c.h; path = _ViewController.h; sourceTree = "<group>"; };
		0514E0DB1784BA2B003B38FF /* _ViewController.m */ = {isa = PBXFileReference; lastKnownFileType = sourcecode.c.objc; path = _ViewController.m; sourceTree = "<group>"; };
		0514E0E51784BA49003B38FF /* acessorios_aereos_icone.png */ = {isa = PBXFileReference; lastKnownFileType = image.png; path = acessorios_aereos_icone.png; sourceTree = "<group>"; };
		0514E0E61784BA49003B38FF /* alcas_para_portas_icone.png */ = {isa = PBXFileReference; lastKnownFileType = image.png; path = alcas_para_portas_icone.png; sourceTree = "<group>"; };
		0514E0E71784BA49003B38FF /* colecoes_banho_icone.png */ = {isa = PBXFileReference; lastKnownFileType = image.png; path = colecoes_banho_icone.png; sourceTree = "<group>"; };
		0514E0E81784BA49003B38FF /* institucional_icone.png */ = {isa = PBXFileReference; lastKnownFileType = image.png; path = institucional_icone.png; sourceTree = "<group>"; };
		0514E0E91784BA49003B38FF /* puxadores_para_moveis.png */ = {isa = PBXFileReference; lastKnownFileType = image.png; path = puxadores_para_moveis.png; sourceTree = "<group>"; };
		0514E0EC1784BA49003B38FF /* acessorios_aereos_texto.png */ = {isa = PBXFileReference; lastKnownFileType = image.png; path = acessorios_aereos_texto.png; sourceTree = "<group>"; };
		0514E0ED1784BA49003B38FF /* alcas_para_portas_texto.png */ = {isa = PBXFileReference; lastKnownFileType = image.png; path = alcas_para_portas_texto.png; sourceTree = "<group>"; };
		0514E0EE1784BA49003B38FF /* colecoes_banho_texto.png */ = {isa = PBXFileReference; lastKnownFileType = image.png; path = colecoes_banho_texto.png; sourceTree = "<group>"; };
		0514E0EF1784BA49003B38FF /* institucional_texto.png */ = {isa = PBXFileReference; lastKnownFileType = image.png; path = institucional_texto.png; sourceTree = "<group>"; };
		0514E0F01784BA49003B38FF /* puxadores_para_moveis_texto.png */ = {isa = PBXFileReference; lastKnownFileType = image.png; path = puxadores_para_moveis_texto.png; sourceTree = "<group>"; };
		0514E1041784BB1B003B38FF /* icone.png */ = {isa = PBXFileReference; lastKnownFileType = image.png; path = icone.png; sourceTree = "<group>"; };
		0514E1081784BB62003B38FF /* icone_2x.png */ = {isa = PBXFileReference; lastKnownFileType = image.png; path = icone_2x.png; sourceTree = "<group>"; };
		0514E10A1784BC10003B38FF /* fundo.png */ = {isa = PBXFileReference; lastKnownFileType = image.png; name = fundo.png; path = ../../Zen_parte/estrutura/fundo.png; sourceTree = "<group>"; };
		0514E10B1784BC10003B38FF /* icone_2x.png */ = {isa = PBXFileReference; lastKnownFileType = image.png; name = icone_2x.png; path = ../../Zen_parte/estrutura/icone_2x.png; sourceTree = "<group>"; };
		0514E10C1784BC10003B38FF /* icone.png */ = {isa = PBXFileReference; lastKnownFileType = image.png; name = icone.png; path = ../../Zen_parte/estrutura/icone.png; sourceTree = "<group>"; };
		0514E10D1784BC10003B38FF /* logo.png */ = {isa = PBXFileReference; lastKnownFileType = image.png; name = logo.png; path = ../../Zen_parte/estrutura/logo.png; sourceTree = "<group>"; };
		0514E10F1784BC10003B38FF /* texto_institucional.png */ = {isa = PBXFileReference; lastKnownFileType = image.png; name = texto_institucional.png; path = ../../Zen_parte/estrutura/texto_institucional.png; sourceTree = "<group>"; };
		0514E1101784BC10003B38FF /* voltar_botao.png */ = {isa = PBXFileReference; lastKnownFileType = image.png; name = voltar_botao.png; path = ../../Zen_parte/estrutura/voltar_botao.png; sourceTree = "<group>"; };
		0514E1181784BC36003B38FF /* splash.png */ = {isa = PBXFileReference; lastKnownFileType = image.png; name = splash.png; path = ../../Zen_parte/estrutura/splash.png; sourceTree = "<group>"; };
		0514E11A1784BC42003B38FF /* Default-Landscape~ipad.png */ = {isa = PBXFileReference; lastKnownFileType = image.png; path = "Default-Landscape~ipad.png"; sourceTree = "<group>"; };
		0514E11C1784BC46003B38FF /* Default-Landscape@2x~ipad.png */ = {isa = PBXFileReference; lastKnownFileType = image.png; path = "Default-Landscape@2x~ipad.png"; sourceTree = "<group>"; };
/* End PBXFileReference section */

/* Begin PBXFrameworksBuildPhase section */
		0514E0B91784BA2B003B38FF /* Frameworks */ = {
			isa = PBXFrameworksBuildPhase;
			buildActionMask = 2147483647;
			files = (
				0514E0C01784BA2B003B38FF /* UIKit.framework in Frameworks */,
				0514E0C21784BA2B003B38FF /* Foundation.framework in Frameworks */,
				0514E0C41784BA2B003B38FF /* CoreGraphics.framework in Frameworks */,
			);
			runOnlyForDeploymentPostprocessing = 0;
		};
/* End PBXFrameworksBuildPhase section */

/* Begin PBXGroup section */
		0514E0B31784BA2B003B38FF = {
			isa = PBXGroup;
			children = (
				0514E11C1784BC46003B38FF /* Default-Landscape@2x~ipad.png */,
				0514E11A1784BC42003B38FF /* Default-Landscape~ipad.png */,
				0514E1081784BB62003B38FF /* icone_2x.png */,
				0514E1041784BB1B003B38FF /* icone.png */,
				0514E0E21784BA36003B38FF /* Imagens */,
				0514E0C51784BA2B003B38FF /* ZenApp */,
				0514E0BE1784BA2B003B38FF /* Frameworks */,
				0514E0BD1784BA2B003B38FF /* Products */,
			);
			sourceTree = "<group>";
		};
		0514E0BD1784BA2B003B38FF /* Products */ = {
			isa = PBXGroup;
			children = (
				0514E0BC1784BA2B003B38FF /* ZenApp.app */,
			);
			name = Products;
			sourceTree = "<group>";
		};
		0514E0BE1784BA2B003B38FF /* Frameworks */ = {
			isa = PBXGroup;
			children = (
				0514E0BF1784BA2B003B38FF /* UIKit.framework */,
				0514E0C11784BA2B003B38FF /* Foundation.framework */,
				0514E0C31784BA2B003B38FF /* CoreGraphics.framework */,
			);
			name = Frameworks;
			sourceTree = "<group>";
		};
		0514E0C51784BA2B003B38FF /* ZenApp */ = {
			isa = PBXGroup;
			children = (
				0514E0CE1784BA2B003B38FF /* _AppDelegate.h */,
				0514E0CF1784BA2B003B38FF /* _AppDelegate.m */,
				0514E0D71784BA2B003B38FF /* MainStoryboard.storyboard */,
				0514E0DA1784BA2B003B38FF /* _ViewController.h */,
				0514E0DB1784BA2B003B38FF /* _ViewController.m */,
				0514E0C61784BA2B003B38FF /* Supporting Files */,
			);
			path = ZenApp;
			sourceTree = "<group>";
		};
		0514E0C61784BA2B003B38FF /* Supporting Files */ = {
			isa = PBXGroup;
			children = (
				0514E0C71784BA2B003B38FF /* ZenApp-Info.plist */,
				0514E0C81784BA2B003B38FF /* InfoPlist.strings */,
				0514E0CB1784BA2B003B38FF /* main.m */,
				0514E0CD1784BA2B003B38FF /* ZenApp-Prefix.pch */,
				0514E0D11784BA2B003B38FF /* Default.png */,
				0514E0D31784BA2B003B38FF /* Default@2x.png */,
				0514E0D51784BA2B003B38FF /* Default-568h@2x.png */,
			);
			name = "Supporting Files";
			sourceTree = "<group>";
		};
		0514E0E21784BA36003B38FF /* Imagens */ = {
			isa = PBXGroup;
			children = (
				0514E0FD1784BAF8003B38FF /* estrutura */,
				0514E0E41784BA49003B38FF /* icones */,
				0514E0EB1784BA49003B38FF /* textos */,
			);
			name = Imagens;
			sourceTree = "<group>";
		};
		0514E0E41784BA49003B38FF /* icones */ = {
			isa = PBXGroup;
			children = (
				0514E0E51784BA49003B38FF /* acessorios_aereos_icone.png */,
				0514E0E61784BA49003B38FF /* alcas_para_portas_icone.png */,
				0514E0E71784BA49003B38FF /* colecoes_banho_icone.png */,
				0514E0E81784BA49003B38FF /* institucional_icone.png */,
				0514E0E91784BA49003B38FF /* puxadores_para_moveis.png */,
			);
			name = icones;
			path = ../../Zen_parte/icones;
			sourceTree = "<group>";
		};
		0514E0EB1784BA49003B38FF /* textos */ = {
			isa = PBXGroup;
			children = (
				0514E0EC1784BA49003B38FF /* acessorios_aereos_texto.png */,
				0514E0ED1784BA49003B38FF /* alcas_para_portas_texto.png */,
				0514E0EE1784BA49003B38FF /* colecoes_banho_texto.png */,
				0514E0EF1784BA49003B38FF /* institucional_texto.png */,
				0514E0F01784BA49003B38FF /* puxadores_para_moveis_texto.png */,
			);
			name = textos;
			path = ../../Zen_parte/textos;
			sourceTree = "<group>";
		};
		0514E0FD1784BAF8003B38FF /* estrutura */ = {
			isa = PBXGroup;
			children = (
				0514E1181784BC36003B38FF /* splash.png */,
				0514E10A1784BC10003B38FF /* fundo.png */,
				0514E10B1784BC10003B38FF /* icone_2x.png */,
				0514E10C1784BC10003B38FF /* icone.png */,
				0514E10D1784BC10003B38FF /* logo.png */,
				0514E10F1784BC10003B38FF /* texto_institucional.png */,
				0514E1101784BC10003B38FF /* voltar_botao.png */,
			);
			name = estrutura;
			sourceTree = "<group>";
		};
/* End PBXGroup section */

/* Begin PBXNativeTarget section */
		0514E0BB1784BA2B003B38FF /* ZenApp */ = {
			isa = PBXNativeTarget;
			buildConfigurationList = 0514E0DF1784BA2B003B38FF /* Build configuration list for PBXNativeTarget "ZenApp" */;
			buildPhases = (
				0514E0B81784BA2B003B38FF /* Sources */,
				0514E0B91784BA2B003B38FF /* Frameworks */,
				0514E0BA1784BA2B003B38FF /* Resources */,
			);
			buildRules = (
			);
			dependencies = (
			);
			name = ZenApp;
			productName = ZenApp;
			productReference = 0514E0BC1784BA2B003B38FF /* ZenApp.app */;
			productType = "com.apple.product-type.application";
		};
/* End PBXNativeTarget section */

/* Begin PBXProject section */
		0514E0B41784BA2B003B38FF /* Project object */ = {
			isa = PBXProject;
			attributes = {
				CLASSPREFIX = 1;
				LastUpgradeCheck = 0460;
				ORGANIZATIONNAME = "FmCriação";
			};
			buildConfigurationList = 0514E0B71784BA2B003B38FF /* Build configuration list for PBXProject "Zen Design" */;
			compatibilityVersion = "Xcode 3.2";
			developmentRegion = English;
			hasScannedForEncodings = 0;
			knownRegions = (
				en,
			);
			mainGroup = 0514E0B31784BA2B003B38FF;
			productRefGroup = 0514E0BD1784BA2B003B38FF /* Products */;
			projectDirPath = "";
			projectRoot = "";
			targets = (
				0514E0BB1784BA2B003B38FF /* ZenApp */,
			);
		};
/* End PBXProject section */

/* Begin PBXResourcesBuildPhase section */
		0514E0BA1784BA2B003B38FF /* Resources */ = {
			isa = PBXResourcesBuildPhase;
			buildActionMask = 2147483647;
			files = (
				0514E0CA1784BA2B003B38FF /* InfoPlist.strings in Resources */,
				0514E0D21784BA2B003B38FF /* Default.png in Resources */,
				0514E0D41784BA2B003B38FF /* Default@2x.png in Resources */,
				0514E0D61784BA2B003B38FF /* Default-568h@2x.png in Resources */,
				0514E0D91784BA2B003B38FF /* MainStoryboard.storyboard in Resources */,
				0514E0F21784BA49003B38FF /* acessorios_aereos_icone.png in Resources */,
				0514E0F31784BA49003B38FF /* alcas_para_portas_icone.png in Resources */,
				0514E0F41784BA49003B38FF /* colecoes_banho_icone.png in Resources */,
				0514E0F51784BA49003B38FF /* institucional_icone.png in Resources */,
				0514E0F61784BA49003B38FF /* puxadores_para_moveis.png in Resources */,
				0514E0F81784BA49003B38FF /* acessorios_aereos_texto.png in Resources */,
				0514E0F91784BA49003B38FF /* alcas_para_portas_texto.png in Resources */,
				0514E0FA1784BA49003B38FF /* colecoes_banho_texto.png in Resources */,
				0514E0FB1784BA49003B38FF /* institucional_texto.png in Resources */,
				0514E0FC1784BA49003B38FF /* puxadores_para_moveis_texto.png in Resources */,
				0514E1051784BB1B003B38FF /* icone.png in Resources */,
				0514E1091784BB62003B38FF /* icone_2x.png in Resources */,
				0514E1111784BC10003B38FF /* fundo.png in Resources */,
				0514E1121784BC10003B38FF /* icone_2x.png in Resources */,
				0514E1131784BC10003B38FF /* icone.png in Resources */,
				0514E1141784BC10003B38FF /* logo.png in Resources */,
				0514E1161784BC10003B38FF /* texto_institucional.png in Resources */,
				0514E1171784BC10003B38FF /* voltar_botao.png in Resources */,
				0514E1191784BC36003B38FF /* splash.png in Resources */,
				0514E11B1784BC42003B38FF /* Default-Landscape~ipad.png in Resources */,
				0514E11D1784BC46003B38FF /* Default-Landscape@2x~ipad.png in Resources */,
			);
			runOnlyForDeploymentPostprocessing = 0;
		};
/* End PBXResourcesBuildPhase section */

/* Begin PBXSourcesBuildPhase section */
		0514E0B81784BA2B003B38FF /* Sources */ = {
			isa = PBXSourcesBuildPhase;
			buildActionMask = 2147483647;
			files = (
				0514E0CC1784BA2B003B38FF /* main.m in Sources */,
				0514E0D01784BA2B003B38FF /* _AppDelegate.m in Sources */,
				0514E0DC1784BA2B003B38FF /* _ViewController.m in Sources */,
			);
			runOnlyForDeploymentPostprocessing = 0;
		};
/* End PBXSourcesBuildPhase section */

/* Begin PBXVariantGroup section */
		0514E0C81784BA2B003B38FF /* InfoPlist.strings */ = {
			isa = PBXVariantGroup;
			children = (
				0514E0C91784BA2B003B38FF /* en */,
			);
			name = InfoPlist.strings;
			sourceTree = "<group>";
		};
		0514E0D71784BA2B003B38FF /* MainStoryboard.storyboard */ = {
			isa = PBXVariantGroup;
			children = (
				0514E0D81784BA2B003B38FF /* en */,
			);
			name = MainStoryboard.storyboard;
			sourceTree = "<group>";
		};
/* End PBXVariantGroup section */

/* Begin XCBuildConfiguration section */
		0514E0DD1784BA2B003B38FF /* Debug */ = {
			isa = XCBuildConfiguration;
			buildSettings = {
				ALWAYS_SEARCH_USER_PATHS = NO;
				CLANG_CXX_LANGUAGE_STANDARD = "gnu++0x";
				CLANG_CXX_LIBRARY = "libc++";
				CLANG_ENABLE_OBJC_ARC = YES;
				CLANG_WARN_CONSTANT_CONVERSION = YES;
				CLANG_WARN_EMPTY_BODY = YES;
				CLANG_WARN_ENUM_CONVERSION = YES;
				CLANG_WARN_INT_CONVERSION = YES;
				CLANG_WARN__DUPLICATE_METHOD_MATCH = YES;
				"CODE_SIGN_IDENTITY[sdk=iphoneos*]" = "iPhone Developer";
				COPY_PHASE_STRIP = NO;
				GCC_C_LANGUAGE_STANDARD = gnu99;
				GCC_DYNAMIC_NO_PIC = NO;
				GCC_OPTIMIZATION_LEVEL = 0;
				GCC_PREPROCESSOR_DEFINITIONS = (
					"DEBUG=1",
					"$(inherited)",
				);
				GCC_SYMBOLS_PRIVATE_EXTERN = NO;
				GCC_WARN_ABOUT_RETURN_TYPE = YES;
				GCC_WARN_UNINITIALIZED_AUTOS = YES;
				GCC_WARN_UNUSED_VARIABLE = YES;
				IPHONEOS_DEPLOYMENT_TARGET = 6.1;
				ONLY_ACTIVE_ARCH = YES;
				SDKROOT = iphoneos;
				TARGETED_DEVICE_FAMILY = 2;
			};
			name = Debug;
		};
		0514E0DE1784BA2B003B38FF /* Release */ = {
			isa = XCBuildConfiguration;
			buildSettings = {
				ALWAYS_SEARCH_USER_PATHS = NO;
				CLANG_CXX_LANGUAGE_STANDARD = "gnu++0x";
				CLANG_CXX_LIBRARY = "libc++";
				CLANG_ENABLE_OBJC_ARC = YES;
				CLANG_WARN_CONSTANT_CONVERSION = YES;
				CLANG_WARN_EMPTY_BODY = YES;
				CLANG_WARN_ENUM_CONVERSION = YES;
				CLANG_WARN_INT_CONVERSION = YES;
				CLANG_WARN__DUPLICATE_METHOD_MATCH = YES;
				"CODE_SIGN_IDENTITY[sdk=iphoneos*]" = "iPhone Developer";
				COPY_PHASE_STRIP = YES;
				GCC_C_LANGUAGE_STANDARD = gnu99;
				GCC_WARN_ABOUT_RETURN_TYPE = YES;
				GCC_WARN_UNINITIALIZED_AUTOS = YES;
				GCC_WARN_UNUSED_VARIABLE = YES;
				IPHONEOS_DEPLOYMENT_TARGET = 6.1;
				OTHER_CFLAGS = "-DNS_BLOCK_ASSERTIONS=1";
				SDKROOT = iphoneos;
				TARGETED_DEVICE_FAMILY = 2;
				VALIDATE_PRODUCT = YES;
			};
			name = Release;
		};
		0514E0E01784BA2B003B38FF /* Debug */ = {
			isa = XCBuildConfiguration;
			buildSettings = {
				GCC_PRECOMPILE_PREFIX_HEADER = YES;
				GCC_PREFIX_HEADER = "ZenApp/ZenApp-Prefix.pch";
				INFOPLIST_FILE = "ZenApp/ZenApp-Info.plist";
				PRODUCT_NAME = "$(TARGET_NAME)";
				WRAPPER_EXTENSION = app;
			};
			name = Debug;
		};
		0514E0E11784BA2B003B38FF /* Release */ = {
			isa = XCBuildConfiguration;
			buildSettings = {
				GCC_PRECOMPILE_PREFIX_HEADER = YES;
				GCC_PREFIX_HEADER = "ZenApp/ZenApp-Prefix.pch";
				INFOPLIST_FILE = "ZenApp/ZenApp-Info.plist";
				PRODUCT_NAME = "$(TARGET_NAME)";
				WRAPPER_EXTENSION = app;
			};
			name = Release;
		};
/* End XCBuildConfiguration section */

/* Begin XCConfigurationList section */
		0514E0B71784BA2B003B38FF /* Build configuration list for PBXProject "Zen Design" */ = {
			isa = XCConfigurationList;
			buildConfigurations = (
				0514E0DD1784BA2B003B38FF /* Debug */,
				0514E0DE1784BA2B003B38FF /* Release */,
			);
			defaultConfigurationIsVisible = 0;
			defaultConfigurationName = Release;
		};
		0514E0DF1784BA2B003B38FF /* Build configuration list for PBXNativeTarget "ZenApp" */ = {
			isa = XCConfigurationList;
			buildConfigurations = (
				0514E0E01784BA2B003B38FF /* Debug */,
				0514E0E11784BA2B003B38FF /* Release */,
			);
			defaultConfigurationIsVisible = 0;
		};
/* End XCConfigurationList section */
	};
	rootObject = 0514E0B41784BA2B003B38FF /* Project object */;
}
